
Microsoft Visual Studio Solution File, Format Version 12.00
# Visual Studio Version 17
VisualStudioVersion = 17.5.33530.505
MinimumVisualStudioVersion = 10.0.40219.1
Project("{9092AA53-FB77-4645-B42D-1CCCA6BD08BD}") = "Test-jsts", "Test-jsts\Test-jsts.njsproj", "{D639BC0D-AF08-4426-9243-30D172450343}"
EndProject
Global
	GlobalSection(SolutionConfigurationPlatforms) = preSolution
		Debug|Any CPU = Debug|Any CPU
		Release|Any CPU = Release|Any CPU
	EndGlobalSection
	GlobalSection(ProjectConfigurationPlatforms) = postSolution
		{D639BC0D-AF08-4426-9243-30D172450343}.Debug|Any CPU.ActiveCfg = Debug|Any CPU
		{D639BC0D-AF08-4426-9243-30D172450343}.Debug|Any CPU.Build.0 = Debug|Any CPU
		{D639BC0D-AF08-4426-9243-30D172450343}.Release|Any CPU.ActiveCfg = Release|Any CPU
		{D639BC0D-AF08-4426-9243-30D172450343}.Release|Any CPU.Build.0 = Release|Any CPU
	EndGlobalSection
	GlobalSection(SolutionProperties) = preSolution
		HideSolutionNode = FALSE
	EndGlobalSection
	GlobalSection(ExtensibilityGlobals) = postSolution
		SolutionGuid = {044D5D3B-62F5-4718-932F-1224EE46C25D}
	EndGlobalSection
EndGlobal
